
Microsoft Visual Studio Solution File, Format Version 12.00
# Visual Studio 2013
VisualStudioVersion = 12.0.40629.0
MinimumVisualStudioVersion = 10.0.40219.1
Project("{FAE04EC0-301F-11D3-BF4B-00C04F79EFBC}") = "CommandStructural", "CommandStructural\CommandStructural.csproj", "{BC478E4A-5574-45DA-A27F-66CC5D6D3A72}"
EndProject
Global
	GlobalSection(SolutionConfigurationPlatforms) = preSolution
		Debug|Any CPU = Debug|Any CPU
		Release|Any CPU = Release|Any CPU
	EndGlobalSection
	GlobalSection(ProjectConfigurationPlatforms) = postSolution
		{BC478E4A-5574-45DA-A27F-66CC5D6D3A72}.Debug|Any CPU.ActiveCfg = Debug|Any CPU
		{BC478E4A-5574-45DA-A27F-66CC5D6D3A72}.Debug|Any CPU.Build.0 = Debug|Any CPU
		{BC478E4A-5574-45DA-A27F-66CC5D6D3A72}.Release|Any CPU.ActiveCfg = Release|Any CPU
		{BC478E4A-5574-45DA-A27F-66CC5D6D3A72}.Release|Any CPU.Build.0 = Release|Any CPU
	EndGlobalSection
	GlobalSection(SolutionProperties) = preSolution
		HideSolutionNode = FALSE
	EndGlobalSection
EndGlobal
